
Microsoft Visual Studio Solution File, Format Version 12.00
# Visual Studio Version 17
VisualStudioVersion = 17.4.33213.308
MinimumVisualStudioVersion = 10.0.40219.1
Project("{9A19103F-16F7-4668-BE54-9A1E7A4F7556}") = "malds_yt_downloader", "malds_yt_downloader\malds_yt_downloader.csproj", "{39DE2BF7-3ECE-45B9-B9EB-E24D1C2DA2E7}"
EndProject
Project("{FAE04EC0-301F-11D3-BF4B-00C04F79EFBC}") = "malds_yt_downloader_bot", "malds_yt_downloader_bot\malds_yt_downloader_bot.csproj", "{E75878F9-0201-4351-96F4-D3FF6F0447A6}"
EndProject
Global
	GlobalSection(SolutionConfigurationPlatforms) = preSolution
		Debug|Any CPU = Debug|Any CPU
		Release|Any CPU = Release|Any CPU
	EndGlobalSection
	GlobalSection(ProjectConfigurationPlatforms) = postSolution
		{39DE2BF7-3ECE-45B9-B9EB-E24D1C2DA2E7}.Debug|Any CPU.ActiveCfg = Debug|Any CPU
		{39DE2BF7-3ECE-45B9-B9EB-E24D1C2DA2E7}.Debug|Any CPU.Build.0 = Debug|Any CPU
		{39DE2BF7-3ECE-45B9-B9EB-E24D1C2DA2E7}.Release|Any CPU.ActiveCfg = Release|Any CPU
		{39DE2BF7-3ECE-45B9-B9EB-E24D1C2DA2E7}.Release|Any CPU.Build.0 = Release|Any CPU
		{E75878F9-0201-4351-96F4-D3FF6F0447A6}.Debug|Any CPU.ActiveCfg = Debug|Any CPU
		{E75878F9-0201-4351-96F4-D3FF6F0447A6}.Debug|Any CPU.Build.0 = Debug|Any CPU
		{E75878F9-0201-4351-96F4-D3FF6F0447A6}.Release|Any CPU.ActiveCfg = Release|Any CPU
		{E75878F9-0201-4351-96F4-D3FF6F0447A6}.Release|Any CPU.Build.0 = Release|Any CPU
	EndGlobalSection
	GlobalSection(SolutionProperties) = preSolution
		HideSolutionNode = FALSE
	EndGlobalSection
	GlobalSection(ExtensibilityGlobals) = postSolution
		SolutionGuid = {D1258782-F280-448D-B4F7-A6BE8DD28A85}
	EndGlobalSection
EndGlobal
